
Microsoft Visual Studio Solution File, Format Version 12.00
# Visual Studio 15
VisualStudioVersion = 15.0.26730.15
MinimumVisualStudioVersion = 10.0.40219.1
Project("{8BC9CEB8-8B4A-11D0-8D11-00A0C91BC942}") = "shell", "shell\shell.vcxproj", "{4FA8BD6B-A0D7-4894-A6E7-EF54992C9ED4}"
EndProject
Project("{8BC9CEB8-8B4A-11D0-8D11-00A0C91BC942}") = "ls", "ls\ls.vcxproj", "{DFEAF69E-65F5-4FC9-B60F-548A42F690E5}"
EndProject
Project("{8BC9CEB8-8B4A-11D0-8D11-00A0C91BC942}") = "ps", "ps\ps.vcxproj", "{D2BAC383-47D6-41F9-9751-5ED020639227}"
EndProject
Project("{8BC9CEB8-8B4A-11D0-8D11-00A0C91BC942}") = "mkdir", "mkdir\mkdir.vcxproj", "{26FFD6D7-3721-4F72-BA8B-D9D8EC3FA769}"
EndProject
Global
	GlobalSection(SolutionConfigurationPlatforms) = preSolution
		Debug|x64 = Debug|x64
		Debug|x86 = Debug|x86
		Release|x64 = Release|x64
		Release|x86 = Release|x86
	EndGlobalSection
	GlobalSection(ProjectConfigurationPlatforms) = postSolution
		{4FA8BD6B-A0D7-4894-A6E7-EF54992C9ED4}.Debug|x64.ActiveCfg = Debug|x64
		{4FA8BD6B-A0D7-4894-A6E7-EF54992C9ED4}.Debug|x64.Build.0 = Debug|x64
		{4FA8BD6B-A0D7-4894-A6E7-EF54992C9ED4}.Debug|x86.ActiveCfg = Debug|Win32
		{4FA8BD6B-A0D7-4894-A6E7-EF54992C9ED4}.Debug|x86.Build.0 = Debug|Win32
		{4FA8BD6B-A0D7-4894-A6E7-EF54992C9ED4}.Release|x64.ActiveCfg = Release|x64
		{4FA8BD6B-A0D7-4894-A6E7-EF54992C9ED4}.Release|x64.Build.0 = Release|x64
		{4FA8BD6B-A0D7-4894-A6E7-EF54992C9ED4}.Release|x86.ActiveCfg = Release|Win32
		{4FA8BD6B-A0D7-4894-A6E7-EF54992C9ED4}.Release|x86.Build.0 = Release|Win32
		{DFEAF69E-65F5-4FC9-B60F-548A42F690E5}.Debug|x64.ActiveCfg = Debug|x64
		{DFEAF69E-65F5-4FC9-B60F-548A42F690E5}.Debug|x64.Build.0 = Debug|x64
		{DFEAF69E-65F5-4FC9-B60F-548A42F690E5}.Debug|x86.ActiveCfg = Debug|Win32
		{DFEAF69E-65F5-4FC9-B60F-548A42F690E5}.Debug|x86.Build.0 = Debug|Win32
		{DFEAF69E-65F5-4FC9-B60F-548A42F690E5}.Release|x64.ActiveCfg = Release|x64
		{DFEAF69E-65F5-4FC9-B60F-548A42F690E5}.Release|x64.Build.0 = Release|x64
		{DFEAF69E-65F5-4FC9-B60F-548A42F690E5}.Release|x86.ActiveCfg = Release|Win32
		{DFEAF69E-65F5-4FC9-B60F-548A42F690E5}.Release|x86.Build.0 = Release|Win32
		{D2BAC383-47D6-41F9-9751-5ED020639227}.Debug|x64.ActiveCfg = Debug|x64
		{D2BAC383-47D6-41F9-9751-5ED020639227}.Debug|x64.Build.0 = Debug|x64
		{D2BAC383-47D6-41F9-9751-5ED020639227}.Debug|x86.ActiveCfg = Debug|Win32
		{D2BAC383-47D6-41F9-9751-5ED020639227}.Debug|x86.Build.0 = Debug|Win32
		{D2BAC383-47D6-41F9-9751-5ED020639227}.Release|x64.ActiveCfg = Release|x64
		{D2BAC383-47D6-41F9-9751-5ED020639227}.Release|x64.Build.0 = Release|x64
		{D2BAC383-47D6-41F9-9751-5ED020639227}.Release|x86.ActiveCfg = Release|Win32
		{D2BAC383-47D6-41F9-9751-5ED020639227}.Release|x86.Build.0 = Release|Win32
		{26FFD6D7-3721-4F72-BA8B-D9D8EC3FA769}.Debug|x64.ActiveCfg = Debug|x64
		{26FFD6D7-3721-4F72-BA8B-D9D8EC3FA769}.Debug|x64.Build.0 = Debug|x64
		{26FFD6D7-3721-4F72-BA8B-D9D8EC3FA769}.Debug|x86.ActiveCfg = Debug|Win32
		{26FFD6D7-3721-4F72-BA8B-D9D8EC3FA769}.Debug|x86.Build.0 = Debug|Win32
		{26FFD6D7-3721-4F72-BA8B-D9D8EC3FA769}.Release|x64.ActiveCfg = Release|x64
		{26FFD6D7-3721-4F72-BA8B-D9D8EC3FA769}.Release|x64.Build.0 = Release|x64
		{26FFD6D7-3721-4F72-BA8B-D9D8EC3FA769}.Release|x86.ActiveCfg = Release|Win32
		{26FFD6D7-3721-4F72-BA8B-D9D8EC3FA769}.Release|x86.Build.0 = Release|Win32
	EndGlobalSection
	GlobalSection(SolutionProperties) = preSolution
		HideSolutionNode = FALSE
	EndGlobalSection
	GlobalSection(ExtensibilityGlobals) = postSolution
		SolutionGuid = {D18C6C98-B8E8-4B59-B482-C4D2372D1741}
	EndGlobalSection
EndGlobal
